
Microsoft Visual Studio Solution File, Format Version 12.00
# Visual Studio Version 17
VisualStudioVersion = 17.6.33829.357
MinimumVisualStudioVersion = 10.0.40219.1
Project("{FAE04EC0-301F-11D3-BF4B-00C04F79EFBC}") = "FrameWorksExamen", "FrameWorksExamen.csproj", "{1F5FE7D0-0520-4805-B677-2F35E9A0DD7E}"
EndProject
Global
	GlobalSection(SolutionConfigurationPlatforms) = preSolution
		Debug|Any CPU = Debug|Any CPU
		Release|Any CPU = Release|Any CPU
	EndGlobalSection
	GlobalSection(ProjectConfigurationPlatforms) = postSolution
		{1F5FE7D0-0520-4805-B677-2F35E9A0DD7E}.Debug|Any CPU.ActiveCfg = Debug|Any CPU
		{1F5FE7D0-0520-4805-B677-2F35E9A0DD7E}.Debug|Any CPU.Build.0 = Debug|Any CPU
		{1F5FE7D0-0520-4805-B677-2F35E9A0DD7E}.Release|Any CPU.ActiveCfg = Release|Any CPU
		{1F5FE7D0-0520-4805-B677-2F35E9A0DD7E}.Release|Any CPU.Build.0 = Release|Any CPU
	EndGlobalSection
	GlobalSection(SolutionProperties) = preSolution
		HideSolutionNode = FALSE
	EndGlobalSection
	GlobalSection(ExtensibilityGlobals) = postSolution
		SolutionGuid = {A5A86B50-3457-437D-B67B-953F29092526}
	EndGlobalSection
EndGlobal
